#MicroXplorer Configuration settings - do not modify
ADC.ContinuousConvMode=DISABLE
ADC.DMAContinuousRequests=ENABLE
ADC.EOCSelection=ADC_EOC_SEQ_CONV
ADC.ExternalTrigConv=ADC_EXTERNALTRIGCONV_T1_TRGO
ADC.IPParameters=DMAContinuousRequests,ContinuousConvMode,EOCSelection,Overrun,SamplingTime,ExternalTrigConv
ADC.Overrun=ADC_OVR_DATA_OVERWRITTEN
ADC.SamplingTime=ADC_SAMPLETIME_239CYCLES_5
DAC.DAC_OutputBuffer=DAC_OUTPUTBUFFER_DISABLE
DAC.DAC_OutputBuffer2=DAC_OUTPUTBUFFER_DISABLE
DAC.IPParameters=DAC_OutputBuffer,DAC_OutputBuffer2
Dma.ADC.0.Direction=DMA_PERIPH_TO_MEMORY
Dma.ADC.0.Instance=DMA1_Channel1
Dma.ADC.0.MemDataAlignment=DMA_MDATAALIGN_HALFWORD
Dma.ADC.0.MemInc=DMA_MINC_ENABLE
Dma.ADC.0.Mode=DMA_CIRCULAR
Dma.ADC.0.PeriphDataAlignment=DMA_PDATAALIGN_HALFWORD
Dma.ADC.0.PeriphInc=DMA_PINC_DISABLE
Dma.ADC.0.Priority=DMA_PRIORITY_LOW
Dma.ADC.0.RequestParameters=Instance,Direction,PeriphInc,MemInc,PeriphDataAlignment,MemDataAlignment,Mode,Priority
Dma.Request0=ADC
Dma.Request1=USART1_RX
Dma.Request2=SPI1_TX
Dma.Request3=SPI1_RX
Dma.RequestsNb=4
Dma.SPI1_RX.3.Direction=DMA_PERIPH_TO_MEMORY
Dma.SPI1_RX.3.Instance=DMA1_Channel2
Dma.SPI1_RX.3.MemDataAlignment=DMA_MDATAALIGN_BYTE
Dma.SPI1_RX.3.MemInc=DMA_MINC_ENABLE
Dma.SPI1_RX.3.Mode=DMA_CIRCULAR
Dma.SPI1_RX.3.PeriphDataAlignment=DMA_PDATAALIGN_BYTE
Dma.SPI1_RX.3.PeriphInc=DMA_PINC_DISABLE
Dma.SPI1_RX.3.Priority=DMA_PRIORITY_VERY_HIGH
Dma.SPI1_RX.3.RequestParameters=Instance,Direction,PeriphInc,MemInc,PeriphDataAlignment,MemDataAlignment,Mode,Priority
Dma.SPI1_TX.2.Direction=DMA_MEMORY_TO_PERIPH
Dma.SPI1_TX.2.Instance=DMA1_Channel3
Dma.SPI1_TX.2.MemDataAlignment=DMA_MDATAALIGN_BYTE
Dma.SPI1_TX.2.MemInc=DMA_MINC_ENABLE
Dma.SPI1_TX.2.Mode=DMA_CIRCULAR
Dma.SPI1_TX.2.PeriphDataAlignment=DMA_PDATAALIGN_BYTE
Dma.SPI1_TX.2.PeriphInc=DMA_PINC_DISABLE
Dma.SPI1_TX.2.Priority=DMA_PRIORITY_VERY_HIGH
Dma.SPI1_TX.2.RequestParameters=Instance,Direction,PeriphInc,MemInc,PeriphDataAlignment,MemDataAlignment,Mode,Priority
Dma.USART1_RX.1.Direction=DMA_PERIPH_TO_MEMORY
Dma.USART1_RX.1.Instance=DMA1_Channel5
Dma.USART1_RX.1.MemDataAlignment=DMA_MDATAALIGN_BYTE
Dma.USART1_RX.1.MemInc=DMA_MINC_ENABLE
Dma.USART1_RX.1.Mode=DMA_CIRCULAR
Dma.USART1_RX.1.PeriphDataAlignment=DMA_PDATAALIGN_BYTE
Dma.USART1_RX.1.PeriphInc=DMA_PINC_DISABLE
Dma.USART1_RX.1.Priority=DMA_PRIORITY_LOW
Dma.USART1_RX.1.RequestParameters=Instance,Direction,PeriphInc,MemInc,PeriphDataAlignment,MemDataAlignment,Mode,Priority
File.Version=6
KeepUserPlacement=false
Mcu.Family=STM32F0
Mcu.IP0=ADC
Mcu.IP1=DAC
Mcu.IP10=USART1
Mcu.IP11=USB
Mcu.IP12=USB_DEVICE
Mcu.IP2=DMA
Mcu.IP3=NVIC
Mcu.IP4=RCC
Mcu.IP5=SPI1
Mcu.IP6=SYS
Mcu.IP7=TIM1
Mcu.IP8=TIM2
Mcu.IP9=TIM15
Mcu.IPNb=13
Mcu.Name=STM32F072C(8-B)Tx
Mcu.Package=LQFP48
Mcu.Pin0=PC13
Mcu.Pin1=PC14-OSC32_IN
Mcu.Pin10=PB1
Mcu.Pin11=PA11
Mcu.Pin12=PA12
Mcu.Pin13=PA13
Mcu.Pin14=PA14
Mcu.Pin15=PA15
Mcu.Pin16=PB3
Mcu.Pin17=PB4
Mcu.Pin18=PB5
Mcu.Pin19=PB6
Mcu.Pin2=PC15-OSC32_OUT
Mcu.Pin20=PB7
Mcu.Pin21=PB8
Mcu.Pin22=PB9
Mcu.Pin23=VP_ADC_Vref_Input
Mcu.Pin24=VP_SYS_VS_Systick
Mcu.Pin25=VP_TIM1_VS_ClockSourceINT
Mcu.Pin26=VP_TIM2_VS_ClockSourceINT
Mcu.Pin27=VP_TIM15_VS_ClockSourceINT
Mcu.Pin28=VP_USB_DEVICE_VS_USB_DEVICE_CDC_FS
Mcu.Pin3=PF0-OSC_IN
Mcu.Pin4=PF1-OSC_OUT
Mcu.Pin5=PA2
Mcu.Pin6=PA3
Mcu.Pin7=PA4
Mcu.Pin8=PA5
Mcu.Pin9=PB0
Mcu.PinsNb=29
Mcu.ThirdPartyNb=0
Mcu.UserConstants=
Mcu.UserName=STM32F072C8Tx
MxCube.Version=5.6.1
MxDb.Version=DB.5.0.60
NVIC.DMA1_Channel1_IRQn=true\:0\:0\:false\:false\:true\:false\:true
NVIC.DMA1_Channel2_3_IRQn=true\:0\:0\:false\:false\:true\:false\:true
NVIC.DMA1_Channel4_5_6_7_IRQn=true\:0\:0\:false\:false\:true\:false\:true
NVIC.ForceEnableDMAVector=true
NVIC.HardFault_IRQn=true\:0\:0\:false\:false\:true\:false\:false
NVIC.NonMaskableInt_IRQn=true\:0\:0\:false\:false\:true\:false\:false
NVIC.PendSV_IRQn=true\:0\:0\:false\:false\:true\:false\:false
NVIC.SVC_IRQn=true\:0\:0\:false\:false\:true\:false\:false
NVIC.SysTick_IRQn=true\:0\:0\:false\:false\:true\:false\:true
NVIC.TIM1_CC_IRQn=true\:0\:0\:false\:false\:true\:true\:true
NVIC.USART1_IRQn=true\:0\:0\:false\:false\:true\:true\:true
NVIC.USB_IRQn=true\:0\:0\:false\:false\:true\:false\:true
PA11.Mode=Device
PA11.Signal=USB_DM
PA12.Mode=Device
PA12.Signal=USB_DP
PA13.Mode=Serial_Wire
PA13.Signal=SYS_SWDIO
PA14.Mode=Serial_Wire
PA14.Signal=SYS_SWCLK
PA15.GPIOParameters=GPIO_PuPd,GPIO_Label
PA15.GPIO_Label=USER_BTN_IN
PA15.GPIO_PuPd=GPIO_PULLDOWN
PA15.Locked=true
PA15.Signal=GPIO_Input
PA2.GPIOParameters=PinState,GPIO_Label
PA2.GPIO_Label=DCDC15VOLT_ENABLE_OUT
PA2.Locked=true
PA2.PinState=GPIO_PIN_RESET
PA2.Signal=GPIO_Output
PA3.GPIOParameters=GPIO_Speed,GPIO_Label
PA3.GPIO_Label=PWM_MINUS4VOLT_OUT
PA3.GPIO_Speed=GPIO_SPEED_FREQ_HIGH
PA3.Signal=S_TIM15_CH2
PA4.Signal=COMP_DAC1_group
PA5.Signal=COMP_DAC2_group
PB0.Mode=IN8
PB0.Signal=ADC_IN8
PB1.Mode=IN9
PB1.Signal=ADC_IN9
PB3.GPIOParameters=GPIO_PuPd,GPIO_Label
PB3.GPIO_Label=IC_IO_PA3_CLK
PB3.GPIO_PuPd=GPIO_NOPULL
PB3.Locked=true
PB3.Mode=Full_Duplex_Slave
PB3.Signal=SPI1_SCK
PB4.GPIOParameters=GPIO_Label
PB4.GPIO_Label=IC_IO_PA4
PB4.Locked=true
PB4.Mode=Full_Duplex_Slave
PB4.Signal=SPI1_MISO
PB5.GPIOParameters=GPIO_Label
PB5.GPIO_Label=IC_IO_PA6_DAT
PB5.Locked=true
PB5.Mode=Full_Duplex_Slave
PB5.Signal=SPI1_MOSI
PB6.GPIOParameters=GPIO_Label
PB6.GPIO_Label=IC_IO_PA0_UART1_TX
PB6.Locked=true
PB6.Mode=Asynchronous
PB6.Signal=USART1_TX
PB7.GPIOParameters=GPIO_PuPd,GPIO_Label
PB7.GPIO_Label=IC_IO_PA7_USART1_RX
PB7.GPIO_PuPd=GPIO_PULLDOWN
PB7.Locked=true
PB7.Mode=Asynchronous
PB7.Signal=USART1_RX
PB8.GPIOParameters=GPIO_Label
PB8.GPIO_Label=HW_VARIANT_DET0
PB8.Locked=true
PB8.Signal=GPIO_Input
PB9.GPIOParameters=GPIO_Label
PB9.GPIO_Label=HW_VARIANT_DET1
PB9.Locked=true
PB9.Signal=GPIO_Input
PC13.GPIOParameters=PinState,GPIO_Label
PC13.GPIO_Label=LED1_OUT
PC13.Locked=true
PC13.PinState=GPIO_PIN_SET
PC13.Signal=GPIO_Output
PC14-OSC32_IN.GPIOParameters=PinState,GPIO_Label
PC14-OSC32_IN.GPIO_Label=LED2_OUT
PC14-OSC32_IN.Locked=true
PC14-OSC32_IN.PinState=GPIO_PIN_SET
PC14-OSC32_IN.Signal=GPIO_Output
PC15-OSC32_OUT.GPIOParameters=PinState,GPIO_Label
PC15-OSC32_OUT.GPIO_Label=LED3_OUT
PC15-OSC32_OUT.Locked=true
PC15-OSC32_OUT.PinState=GPIO_PIN_SET
PC15-OSC32_OUT.Signal=GPIO_Output
PF0-OSC_IN.Mode=HSE-External-Oscillator
PF0-OSC_IN.Signal=RCC_OSC_IN
PF1-OSC_OUT.Mode=HSE-External-Oscillator
PF1-OSC_OUT.Signal=RCC_OSC_OUT
PinOutPanel.RotationAngle=0
ProjectManager.AskForMigrate=true
ProjectManager.BackupPrevious=false
ProjectManager.CompilerOptimize=6
ProjectManager.ComputerToolchain=false
ProjectManager.CoupleFile=false
ProjectManager.CustomerFirmwarePackage=
ProjectManager.DefaultFWLocation=true
ProjectManager.DeletePrevious=true
ProjectManager.DeviceId=STM32F072C8Tx
ProjectManager.FirmwarePackage=STM32Cube FW_F0 V1.11.0
ProjectManager.FreePins=false
ProjectManager.HalAssertFull=false
ProjectManager.HeapSize=0x08
ProjectManager.KeepUserCode=true
ProjectManager.LastFirmware=true
ProjectManager.LibraryCopy=1
ProjectManager.MainLocation=Src
ProjectManager.NoMain=false
ProjectManager.PreviousToolchain=
ProjectManager.ProjectBuild=false
ProjectManager.ProjectFileName=EASYPDKPROG.ioc
ProjectManager.ProjectName=EASYPDKPROG
ProjectManager.StackSize=0x400
ProjectManager.TargetToolchain=Makefile
ProjectManager.ToolChainLocation=
ProjectManager.UnderRoot=false
ProjectManager.functionlistsort=1-MX_GPIO_Init-GPIO-false-HAL-true,2-MX_DMA_Init-DMA-false-HAL-true,3-SystemClock_Config-RCC-false-HAL-false,4-MX_DAC_Init-DAC-false-HAL-true,5-MX_ADC_Init-ADC-false-HAL-true,6-MX_USB_DEVICE_Init-USB_DEVICE-false-HAL-false,7-MX_TIM15_Init-TIM15-false-HAL-true,8-MX_TIM1_Init-TIM1-false-HAL-true,9-MX_USART1_UART_Init-USART1-false-HAL-true,10-MX_SPI1_Init-SPI1-false-HAL-true,11-MX_TIM2_Init-TIM2-false-HAL-true
RCC.AHBFreq_Value=48000000
RCC.APB1Freq_Value=48000000
RCC.APB1TimFreq_Value=48000000
RCC.CECFreq_Value=32786.88524590164
RCC.FCLKCortexFreq_Value=48000000
RCC.FamilyName=M
RCC.HCLKFreq_Value=48000000
RCC.HSICECFreq_Value=32786.88524590164
RCC.I2SFreq_Value=48000000
RCC.IPParameters=AHBFreq_Value,APB1Freq_Value,APB1TimFreq_Value,CECFreq_Value,FCLKCortexFreq_Value,FamilyName,HCLKFreq_Value,HSICECFreq_Value,I2SFreq_Value,MCOFreq_Value,PLLCLKFreq_Value,PLLMCOFreq_Value,PLLMUL,PLLSourceVirtual,SYSCLKFreq_VALUE,SYSCLKSource,TimSysFreq_Value,USART1Freq_Value,USART2Freq_Value,VCOOutput2Freq_Value
RCC.MCOFreq_Value=48000000
RCC.PLLCLKFreq_Value=48000000
RCC.PLLMCOFreq_Value=48000000
RCC.PLLMUL=RCC_PLL_MUL6
RCC.PLLSourceVirtual=RCC_PLLSOURCE_HSE
RCC.SYSCLKFreq_VALUE=48000000
RCC.SYSCLKSource=RCC_SYSCLKSOURCE_PLLCLK
RCC.TimSysFreq_Value=48000000
RCC.USART1Freq_Value=48000000
RCC.USART2Freq_Value=48000000
RCC.VCOOutput2Freq_Value=8000000
SH.COMP_DAC1_group.0=DAC_OUT1,DAC_OUT1
SH.COMP_DAC1_group.ConfNb=1
SH.COMP_DAC2_group.0=DAC_OUT2,DAC_OUT2
SH.COMP_DAC2_group.ConfNb=1
SH.S_TIM15_CH2.0=TIM15_CH2,PWM Generation2 CH2
SH.S_TIM15_CH2.ConfNb=1
SPI1.DataSize=SPI_DATASIZE_8BIT
SPI1.Direction=SPI_DIRECTION_2LINES
SPI1.IPParameters=VirtualType,Mode,Direction,DataSize
SPI1.Mode=SPI_MODE_SLAVE
SPI1.VirtualType=VM_SLAVE
TIM1.IPParameters=Prescaler,Period,TIM_MasterOutputTrigger
TIM1.Period=10
TIM1.Prescaler=48000
TIM1.TIM_MasterOutputTrigger=TIM_TRGO_UPDATE
TIM15.Channel-PWM\ Generation2\ CH2=TIM_CHANNEL_2
TIM15.IPParameters=Channel-PWM Generation2 CH2,Prescaler,Period,Pulse-PWM Generation2 CH2
TIM15.Period=10
TIM15.Prescaler=95
TIM15.Pulse-PWM\ Generation2\ CH2=5
TIM2.IPParameters=Period
TIM2.Period=0xFFFFFFFF
USART1.AutoBaudRateEnableParam=UART_ADVFEATURE_AUTOBAUDRATE_ENABLE
USART1.BaudRate=115200
USART1.IPParameters=VirtualMode-Asynchronous,AutoBaudRateEnableParam,Mode,BaudRate
USART1.Mode=MODE_TX_RX
USART1.VirtualMode-Asynchronous=VM_ASYNC
USB_DEVICE.APP_RX_DATA_SIZE=64
USB_DEVICE.APP_TX_DATA_SIZE=64
USB_DEVICE.CLASS_NAME_FS=CDC
USB_DEVICE.IPParameters=VirtualMode,VirtualModeFS,CLASS_NAME_FS,APP_TX_DATA_SIZE,APP_RX_DATA_SIZE,USBD_MAX_STR_DESC_SIZ,MANUFACTURER_STRING,PRODUCT_STRING_CDC_FS,SERIALNUMBER_STRING_CDC_FS
USB_DEVICE.MANUFACTURER_STRING=free-pdk.github.io
USB_DEVICE.PRODUCT_STRING_CDC_FS=Easy PDK Programmer
USB_DEVICE.SERIALNUMBER_STRING_CDC_FS=1234567855AA
USB_DEVICE.USBD_MAX_STR_DESC_SIZ=128
USB_DEVICE.VirtualMode=Cdc
USB_DEVICE.VirtualModeFS=Cdc_FS
VP_ADC_Vref_Input.Mode=IN-Vrefint
VP_ADC_Vref_Input.Signal=ADC_Vref_Input
VP_SYS_VS_Systick.Mode=SysTick
VP_SYS_VS_Systick.Signal=SYS_VS_Systick
VP_TIM15_VS_ClockSourceINT.Mode=Internal
VP_TIM15_VS_ClockSourceINT.Signal=TIM15_VS_ClockSourceINT
VP_TIM1_VS_ClockSourceINT.Mode=Internal
VP_TIM1_VS_ClockSourceINT.Signal=TIM1_VS_ClockSourceINT
VP_TIM2_VS_ClockSourceINT.Mode=Internal
VP_TIM2_VS_ClockSourceINT.Signal=TIM2_VS_ClockSourceINT
VP_USB_DEVICE_VS_USB_DEVICE_CDC_FS.Mode=CDC_FS
VP_USB_DEVICE_VS_USB_DEVICE_CDC_FS.Signal=USB_DEVICE_VS_USB_DEVICE_CDC_FS
board=custom
